{
  "requires": true,
  "lockfileVersion": 1,
  "dependencies": {
    "bootstrap": {
      "version": "4.0.0",
      "resolved": "https://registry.npmjs.org/bootstrap/-/bootstrap-4.0.0.tgz",
      "integrity": "sha512-gulJE5dGFo6Q61V/whS6VM4WIyrlydXfCgkE+Gxe5hjrJ8rXLLZlALq7zq2RPhOc45PSwQpJkrTnc2KgD6cvmA=="
    },
    "es6-object-assign": {
      "version": "1.1.0",
      "resolved": "https://registry.npmjs.org/es6-object-assign/-/es6-object-assign-1.1.0.tgz",
      "integrity": "sha1-wsNYJlYkfDnqEHyx5mUrb58kUjw="
    },
    "jquery": {
      "version": "3.3.1",
      "resolved": "https://registry.npmjs.org/jquery/-/jquery-3.3.1.tgz",
      "integrity": "sha512-Ubldcmxp5np52/ENotGxlLe6aGMvmF4R8S6tZjsP6Knsaxd/xp3Zrh50cG93lR6nPXyUFwzN3ZSOQI0wRJNdGg=="
    },
    "jquery-bootgrid": {
      "version": "1.3.1",
      "resolved": "https://registry.npmjs.org/jquery-bootgrid/-/jquery-bootgrid-1.3.1.tgz",
      "integrity": "sha1-lR4UtcSEdCatVD6WdhLr5buwQko=",
      "requires": {
        "bootstrap": "4.0.0",
        "jquery": "3.3.1"
      }
    },
    "jquery-form-validator": {
      "version": "2.3.77",
      "resolved": "https://registry.npmjs.org/jquery-form-validator/-/jquery-form-validator-2.3.77.tgz",
      "integrity": "sha512-qO1eDoCcCmpZz2n034MIl5WPcAJgERQvMzX1o9UGccgex0hb6B6KG9JgZGp0MfIzn6l5YUErdNBzb2b7CHuJjw==",
      "requires": {
        "jquery": "3.3.1"
      }
    },
    "multiselect-two-sides": {
      "version": "2.5.0",
      "resolved": "https://registry.npmjs.org/multiselect-two-sides/-/multiselect-two-sides-2.5.0.tgz",
      "integrity": "sha1-VQClj/nS99y2voj9ZKp75oGWVXE=",
      "requires": {
        "jquery": "3.3.1"
      }
    },
    "promise-polyfill": {
      "version": "6.1.0",
      "resolved": "https://registry.npmjs.org/promise-polyfill/-/promise-polyfill-6.1.0.tgz",
      "integrity": "sha1-36lpQ+qcEh/KTem1hoyznTRy4Fc="
    },
    "spinkit": {
      "version": "1.2.5",
      "resolved": "https://registry.npmjs.org/spinkit/-/spinkit-1.2.5.tgz",
      "integrity": "sha1-kPn0ZqIOjjnvJNqVnB5hHCow3VQ="
    },
    "sweetalert": {
      "version": "2.1.0",
      "resolved": "https://registry.npmjs.org/sweetalert/-/sweetalert-2.1.0.tgz",
      "integrity": "sha512-9YKj0SvjKyBfRWco50UOsIbXVeifYbxzT9Qda7EsqC01eafHGCSG0IR7g942ufjzt7lnwO8ZZBwr6emXv2fQrg==",
      "requires": {
        "es6-object-assign": "1.1.0",
        "promise-polyfill": "6.1.0"
      }
    }
  }
}
